
Microsoft Visual Studio Solution File, Format Version 11.00
# Visual Studio 2010
Project("{FAE04EC0-301F-11D3-BF4B-00C04F79EFBC}") = "Maor Hevron trendemon", "Maor Hevron trendemon\Maor Hevron trendemon.csproj", "{ABD79F04-E134-434A-9F6D-11FF40F54A6E}"
EndProject
Project("{FAE04EC0-301F-11D3-BF4B-00C04F79EFBC}") = "TestValidation.UnitTests", "TestValidation.UnitTests\TestValidation.UnitTests.csproj", "{C5F0116E-DEE4-4B47-9179-8A853D041887}"
EndProject
Project("{2150E333-8FDC-42A3-9474-1A3956D46DE8}") = "Solution Items", "Solution Items", "{B02F730D-4B44-42A5-BFB1-0EC72EFBB78F}"
	ProjectSection(SolutionItems) = preProject
		Local.testsettings = Local.testsettings
		Maor Hevron trendemon.vsmdi = Maor Hevron trendemon.vsmdi
		TraceAndTestImpact.testsettings = TraceAndTestImpact.testsettings
	EndProjectSection
EndProject
Global
	GlobalSection(TestCaseManagementSettings) = postSolution
		CategoryFile = Maor Hevron trendemon.vsmdi
	EndGlobalSection
	GlobalSection(SolutionConfigurationPlatforms) = preSolution
		Debug|Any CPU = Debug|Any CPU
		Debug|Mixed Platforms = Debug|Mixed Platforms
		Debug|x86 = Debug|x86
		Release|Any CPU = Release|Any CPU
		Release|Mixed Platforms = Release|Mixed Platforms
		Release|x86 = Release|x86
	EndGlobalSection
	GlobalSection(ProjectConfigurationPlatforms) = postSolution
		{ABD79F04-E134-434A-9F6D-11FF40F54A6E}.Debug|Any CPU.ActiveCfg = Debug|x86
		{ABD79F04-E134-434A-9F6D-11FF40F54A6E}.Debug|Mixed Platforms.ActiveCfg = Debug|x86
		{ABD79F04-E134-434A-9F6D-11FF40F54A6E}.Debug|Mixed Platforms.Build.0 = Debug|x86
		{ABD79F04-E134-434A-9F6D-11FF40F54A6E}.Debug|x86.ActiveCfg = Debug|x86
		{ABD79F04-E134-434A-9F6D-11FF40F54A6E}.Debug|x86.Build.0 = Debug|x86
		{ABD79F04-E134-434A-9F6D-11FF40F54A6E}.Release|Any CPU.ActiveCfg = Release|x86
		{ABD79F04-E134-434A-9F6D-11FF40F54A6E}.Release|Mixed Platforms.ActiveCfg = Release|x86
		{ABD79F04-E134-434A-9F6D-11FF40F54A6E}.Release|Mixed Platforms.Build.0 = Release|x86
		{ABD79F04-E134-434A-9F6D-11FF40F54A6E}.Release|x86.ActiveCfg = Release|x86
		{ABD79F04-E134-434A-9F6D-11FF40F54A6E}.Release|x86.Build.0 = Release|x86
		{C5F0116E-DEE4-4B47-9179-8A853D041887}.Debug|Any CPU.ActiveCfg = Debug|Any CPU
		{C5F0116E-DEE4-4B47-9179-8A853D041887}.Debug|Any CPU.Build.0 = Debug|Any CPU
		{C5F0116E-DEE4-4B47-9179-8A853D041887}.Debug|Mixed Platforms.ActiveCfg = Debug|Any CPU
		{C5F0116E-DEE4-4B47-9179-8A853D041887}.Debug|Mixed Platforms.Build.0 = Debug|Any CPU
		{C5F0116E-DEE4-4B47-9179-8A853D041887}.Debug|x86.ActiveCfg = Debug|Any CPU
		{C5F0116E-DEE4-4B47-9179-8A853D041887}.Release|Any CPU.ActiveCfg = Release|Any CPU
		{C5F0116E-DEE4-4B47-9179-8A853D041887}.Release|Any CPU.Build.0 = Release|Any CPU
		{C5F0116E-DEE4-4B47-9179-8A853D041887}.Release|Mixed Platforms.ActiveCfg = Release|Any CPU
		{C5F0116E-DEE4-4B47-9179-8A853D041887}.Release|Mixed Platforms.Build.0 = Release|Any CPU
		{C5F0116E-DEE4-4B47-9179-8A853D041887}.Release|x86.ActiveCfg = Release|Any CPU
	EndGlobalSection
	GlobalSection(SolutionProperties) = preSolution
		HideSolutionNode = FALSE
	EndGlobalSection
EndGlobal
